<?xml version="1.0" encoding="utf-8"?>
<Project ToolsVersion="4.0" xmlns="http://schemas.microsoft.com/developer/msbuild/2003">
  <ItemGroup>
    <Filter Include="include">
      <UniqueIdentifier>{97e10d04-c8e6-44c8-b55b-7e5ea02f5896}</UniqueIdentifier>
    </Filter>
    <Filter Include="src">
      <UniqueIdentifier>{42d9dd46-b6eb-499d-8d79-acea7342f39f}</UniqueIdentifier>
    </Filter>
  </ItemGroup>
  <ItemGroup>
    <ClInclude Include="..\..\deps\clipper\include\clipper.hpp">
      <Filter>include</Filter>
    </ClInclude>
  </ItemGroup>
  <ItemGroup>
    <ClCompile Include="..\..\deps\clipper\src\clipper.cpp">
      <Filter>src</Filter>
    </ClCompile>
  </ItemGroup>
</Project>