<?xml version="1.0" encoding="utf-8"?>
<Project ToolsVersion="4.0" xmlns="http://schemas.microsoft.com/developer/msbuild/2003">
  <ItemGroup>
    <Filter Include="src">
      <UniqueIdentifier>{1920f96f-b26d-4422-8209-223ed6a9e370}</UniqueIdentifier>
    </Filter>
  </ItemGroup>
  <ItemGroup>
    <ClCompile Include="..\..\src\box2d.cpp">
      <Filter>src</Filter>
    </ClCompile>
    <ClCompile Include="..\..\src\building_symbolizer.cpp">
      <Filter>src</Filter>
    </ClCompile>
    <ClCompile Include="..\..\src\cairo_context.cpp">
      <Filter>src</Filter>
    </ClCompile>
    <ClCompile Include="..\..\src\cairo_renderer.cpp">
      <Filter>src</Filter>
    </ClCompile>
    <ClCompile Include="..\..\src\color.cpp">
      <Filter>src</Filter>
    </ClCompile>
    <ClCompile Include="..\..\src\color_factory.cpp">
      <Filter>src</Filter>
    </ClCompile>
    <ClCompile Include="..\..\src\config_error.cpp">
      <Filter>src</Filter>
    </ClCompile>
    <ClCompile Include="..\..\src\conversions.cpp">
      <Filter>src</Filter>
    </ClCompile>
    <ClCompile Include="..\..\src\css_color_grammar.cpp">
      <Filter>src</Filter>
    </ClCompile>
    <ClCompile Include="..\..\src\datasource_cache.cpp">
      <Filter>src</Filter>
    </ClCompile>
    <ClCompile Include="..\..\src\datasource_cache_static.cpp">
      <Filter>src</Filter>
    </ClCompile>
    <ClCompile Include="..\..\src\debug.cpp">
      <Filter>src</Filter>
    </ClCompile>
    <ClCompile Include="..\..\src\debug_symbolizer.cpp">
      <Filter>src</Filter>
    </ClCompile>
    <ClCompile Include="..\..\src\deepcopy.cpp">
      <Filter>src</Filter>
    </ClCompile>
    <ClCompile Include="..\..\src\distance.cpp">
      <Filter>src</Filter>
    </ClCompile>
    <ClCompile Include="..\..\src\expression.cpp">
      <Filter>src</Filter>
    </ClCompile>
    <ClCompile Include="..\..\src\expression_grammar.cpp">
      <Filter>src</Filter>
    </ClCompile>
    <ClCompile Include="..\..\src\expression_node.cpp">
      <Filter>src</Filter>
    </ClCompile>
    <ClCompile Include="..\..\src\expression_string.cpp">
      <Filter>src</Filter>
    </ClCompile>
    <ClCompile Include="..\..\src\feature_kv_iterator.cpp">
      <Filter>src</Filter>
    </ClCompile>
    <ClCompile Include="..\..\src\feature_style_processor.cpp">
      <Filter>src</Filter>
    </ClCompile>
    <ClCompile Include="..\..\src\feature_type_style.cpp">
      <Filter>src</Filter>
    </ClCompile>
    <ClCompile Include="..\..\src\font_engine_freetype.cpp">
      <Filter>src</Filter>
    </ClCompile>
    <ClCompile Include="..\..\src\font_set.cpp">
      <Filter>src</Filter>
    </ClCompile>
    <ClCompile Include="..\..\src\fs.cpp">
      <Filter>src</Filter>
    </ClCompile>
    <ClCompile Include="..\..\src\gamma_method.cpp">
      <Filter>src</Filter>
    </ClCompile>
    <ClCompile Include="..\..\src\gradient.cpp">
      <Filter>src</Filter>
    </ClCompile>
    <ClCompile Include="..\..\src\graphics.cpp">
      <Filter>src</Filter>
    </ClCompile>
    <ClCompile Include="..\..\src\image_compositing.cpp">
      <Filter>src</Filter>
    </ClCompile>
    <ClCompile Include="..\..\src\image_filter_grammar.cpp">
      <Filter>src</Filter>
    </ClCompile>
    <ClCompile Include="..\..\src\image_filter_types.cpp">
      <Filter>src</Filter>
    </ClCompile>
    <ClCompile Include="..\..\src\image_reader.cpp">
      <Filter>src</Filter>
    </ClCompile>
    <ClCompile Include="..\..\src\image_scaling.cpp">
      <Filter>src</Filter>
    </ClCompile>
    <ClCompile Include="..\..\src\image_util.cpp">
      <Filter>src</Filter>
    </ClCompile>
    <ClCompile Include="..\..\src\jpeg_reader.cpp">
      <Filter>src</Filter>
    </ClCompile>
    <ClCompile Include="..\..\src\layer.cpp">
      <Filter>src</Filter>
    </ClCompile>
    <ClCompile Include="..\..\src\libxml2_loader.cpp">
      <Filter>src</Filter>
    </ClCompile>
    <ClCompile Include="..\..\src\line_pattern_symbolizer.cpp">
      <Filter>src</Filter>
    </ClCompile>
    <ClCompile Include="..\..\src\line_symbolizer.cpp">
      <Filter>src</Filter>
    </ClCompile>
    <ClCompile Include="..\..\src\load_map.cpp">
      <Filter>src</Filter>
    </ClCompile>
    <ClCompile Include="..\..\src\map.cpp">
      <Filter>src</Filter>
    </ClCompile>
    <ClCompile Include="..\..\src\mapped_memory_cache.cpp">
      <Filter>src</Filter>
    </ClCompile>
    <ClCompile Include="..\..\src\marker_cache.cpp">
      <Filter>src</Filter>
    </ClCompile>
    <ClCompile Include="..\..\src\markers_symbolizer.cpp">
      <Filter>src</Filter>
    </ClCompile>
    <ClCompile Include="..\..\src\memory.cpp">
      <Filter>src</Filter>
    </ClCompile>
    <ClCompile Include="..\..\src\memory_datasource.cpp">
      <Filter>src</Filter>
    </ClCompile>
    <ClCompile Include="..\..\src\miniz.c">
      <Filter>src</Filter>
    </ClCompile>
    <ClCompile Include="..\..\src\miniz_png.cpp">
      <Filter>src</Filter>
    </ClCompile>
    <ClCompile Include="..\..\src\palette.cpp">
      <Filter>src</Filter>
    </ClCompile>
    <ClCompile Include="..\..\src\params.cpp">
      <Filter>src</Filter>
    </ClCompile>
    <ClCompile Include="..\..\src\parse_path.cpp">
      <Filter>src</Filter>
    </ClCompile>
    <ClCompile Include="..\..\src\parse_transform.cpp">
      <Filter>src</Filter>
    </ClCompile>
    <ClCompile Include="..\..\src\path_expression_grammar.cpp">
      <Filter>src</Filter>
    </ClCompile>
    <ClCompile Include="..\..\src\placement_finder.cpp">
      <Filter>src</Filter>
    </ClCompile>
    <ClCompile Include="..\..\src\plugin.cpp">
      <Filter>src</Filter>
    </ClCompile>
    <ClCompile Include="..\..\src\png_reader.cpp">
      <Filter>src</Filter>
    </ClCompile>
    <ClCompile Include="..\..\src\point_symbolizer.cpp">
      <Filter>src</Filter>
    </ClCompile>
    <ClCompile Include="..\..\src\polygon_pattern_symbolizer.cpp">
      <Filter>src</Filter>
    </ClCompile>
    <ClCompile Include="..\..\src\polygon_symbolizer.cpp">
      <Filter>src</Filter>
    </ClCompile>
    <ClCompile Include="..\..\src\processed_text.cpp">
      <Filter>src</Filter>
    </ClCompile>
    <ClCompile Include="..\..\src\proj_transform.cpp">
      <Filter>src</Filter>
    </ClCompile>
    <ClCompile Include="..\..\src\projection.cpp">
      <Filter>src</Filter>
    </ClCompile>
    <ClCompile Include="..\..\src\rapidxml_loader.cpp">
      <Filter>src</Filter>
    </ClCompile>
    <ClCompile Include="..\..\src\raster_colorizer.cpp">
      <Filter>src</Filter>
    </ClCompile>
    <ClCompile Include="..\..\src\raster_symbolizer.cpp">
      <Filter>src</Filter>
    </ClCompile>
    <ClCompile Include="..\..\src\request.cpp">
      <Filter>src</Filter>
    </ClCompile>
    <ClCompile Include="..\..\src\rule.cpp">
      <Filter>src</Filter>
    </ClCompile>
    <ClCompile Include="..\..\src\save_map.cpp">
      <Filter>src</Filter>
    </ClCompile>
    <ClCompile Include="..\..\src\scale_denominator.cpp">
      <Filter>src</Filter>
    </ClCompile>
    <ClCompile Include="..\..\src\shield_symbolizer.cpp">
      <Filter>src</Filter>
    </ClCompile>
    <ClCompile Include="..\..\src\simplify.cpp">
      <Filter>src</Filter>
    </ClCompile>
    <ClCompile Include="..\..\src\stroke.cpp">
      <Filter>src</Filter>
    </ClCompile>
    <ClCompile Include="..\..\src\symbolizer.cpp">
      <Filter>src</Filter>
    </ClCompile>
    <ClCompile Include="..\..\src\symbolizer_helpers.cpp">
      <Filter>src</Filter>
    </ClCompile>
    <ClCompile Include="..\..\src\text_properties.cpp">
      <Filter>src</Filter>
    </ClCompile>
    <ClCompile Include="..\..\src\text_symbolizer.cpp">
      <Filter>src</Filter>
    </ClCompile>
    <ClCompile Include="..\..\src\tiff_reader.cpp">
      <Filter>src</Filter>
    </ClCompile>
    <ClCompile Include="..\..\src\transform_expression.cpp">
      <Filter>src</Filter>
    </ClCompile>
    <ClCompile Include="..\..\src\transform_expression_grammar.cpp">
      <Filter>src</Filter>
    </ClCompile>
    <ClCompile Include="..\..\src\unicode.cpp">
      <Filter>src</Filter>
    </ClCompile>
    <ClCompile Include="..\..\src\utils.cpp">
      <Filter>src</Filter>
    </ClCompile>
    <ClCompile Include="..\..\src\warp.cpp">
      <Filter>src</Filter>
    </ClCompile>
    <ClCompile Include="..\..\src\well_known_srs.cpp">
      <Filter>src</Filter>
    </ClCompile>
    <ClCompile Include="..\..\src\wkb.cpp">
      <Filter>src</Filter>
    </ClCompile>
    <ClCompile Include="..\..\src\xml_tree.cpp">
      <Filter>src</Filter>
    </ClCompile>
  </ItemGroup>
  <ItemGroup>
    <None Include="..\..\src\build.py">
      <Filter>src</Filter>
    </None>
  </ItemGroup>
  <ItemGroup>
    <ClInclude Include="..\vc_header.h" />
  </ItemGroup>
</Project>